
Microsoft Visual Studio Solution File, Format Version 12.00
# Visual Studio 15
VisualStudioVersion = 15.0.28010.2016
MinimumVisualStudioVersion = 10.0.40219.1
Project("{9A19103F-16F7-4668-BE54-9A1E7A4F7556}") = "W9000.Data", "Source\W9000.Data\W9000.Data.csproj", "{71767677-B1B1-47B2-A98D-67698AD48329}"
	ProjectSection(ProjectDependencies) = postProject
		{0AC39E04-5C06-4040-A2E3-51306DEFBD8E} = {0AC39E04-5C06-4040-A2E3-51306DEFBD8E}
	EndProjectSection
EndProject
Project("{2150E333-8FDC-42A3-9474-1A3956D46DE8}") = "Test", "Test", "{83325734-A198-43B0-A423-73E46250EF47}"
EndProject
Project("{9A19103F-16F7-4668-BE54-9A1E7A4F7556}") = "W9000.Test", "Test\W9000.Test\W9000.Test.csproj", "{9EAD19F6-7AA0-4C59-9392-A9F25F9604CD}"
EndProject
Project("{9A19103F-16F7-4668-BE54-9A1E7A4F7556}") = "W9000.Business", "Source\W9000.Business\W9000.Business.csproj", "{CF483A7D-6661-44F4-8DDE-6E713E4741C5}"
EndProject
Project("{9A19103F-16F7-4668-BE54-9A1E7A4F7556}") = "W9000.Entities", "Source\W9000.Entities\W9000.Entities.csproj", "{0AC39E04-5C06-4040-A2E3-51306DEFBD8E}"
EndProject
Project("{FAE04EC0-301F-11D3-BF4B-00C04F79EFBC}") = "W9000.Web", "W9000.Web\W9000.Web.csproj", "{36DFAF5A-DCC0-406D-963A-21163DA40626}"
	ProjectSection(ProjectDependencies) = postProject
		{0AC39E04-5C06-4040-A2E3-51306DEFBD8E} = {0AC39E04-5C06-4040-A2E3-51306DEFBD8E}
		{71767677-B1B1-47B2-A98D-67698AD48329} = {71767677-B1B1-47B2-A98D-67698AD48329}
		{CF483A7D-6661-44F4-8DDE-6E713E4741C5} = {CF483A7D-6661-44F4-8DDE-6E713E4741C5}
	EndProjectSection
EndProject
Global
	GlobalSection(SolutionConfigurationPlatforms) = preSolution
		Debug|Any CPU = Debug|Any CPU
		Release|Any CPU = Release|Any CPU
	EndGlobalSection
	GlobalSection(ProjectConfigurationPlatforms) = postSolution
		{71767677-B1B1-47B2-A98D-67698AD48329}.Debug|Any CPU.ActiveCfg = Debug|Any CPU
		{71767677-B1B1-47B2-A98D-67698AD48329}.Debug|Any CPU.Build.0 = Debug|Any CPU
		{71767677-B1B1-47B2-A98D-67698AD48329}.Release|Any CPU.ActiveCfg = Release|Any CPU
		{71767677-B1B1-47B2-A98D-67698AD48329}.Release|Any CPU.Build.0 = Release|Any CPU
		{9EAD19F6-7AA0-4C59-9392-A9F25F9604CD}.Debug|Any CPU.ActiveCfg = Debug|Any CPU
		{9EAD19F6-7AA0-4C59-9392-A9F25F9604CD}.Debug|Any CPU.Build.0 = Debug|Any CPU
		{9EAD19F6-7AA0-4C59-9392-A9F25F9604CD}.Release|Any CPU.ActiveCfg = Release|Any CPU
		{9EAD19F6-7AA0-4C59-9392-A9F25F9604CD}.Release|Any CPU.Build.0 = Release|Any CPU
		{CF483A7D-6661-44F4-8DDE-6E713E4741C5}.Debug|Any CPU.ActiveCfg = Debug|Any CPU
		{CF483A7D-6661-44F4-8DDE-6E713E4741C5}.Debug|Any CPU.Build.0 = Debug|Any CPU
		{CF483A7D-6661-44F4-8DDE-6E713E4741C5}.Release|Any CPU.ActiveCfg = Release|Any CPU
		{CF483A7D-6661-44F4-8DDE-6E713E4741C5}.Release|Any CPU.Build.0 = Release|Any CPU
		{0AC39E04-5C06-4040-A2E3-51306DEFBD8E}.Debug|Any CPU.ActiveCfg = Debug|Any CPU
		{0AC39E04-5C06-4040-A2E3-51306DEFBD8E}.Debug|Any CPU.Build.0 = Debug|Any CPU
		{0AC39E04-5C06-4040-A2E3-51306DEFBD8E}.Release|Any CPU.ActiveCfg = Release|Any CPU
		{0AC39E04-5C06-4040-A2E3-51306DEFBD8E}.Release|Any CPU.Build.0 = Release|Any CPU
		{36DFAF5A-DCC0-406D-963A-21163DA40626}.Debug|Any CPU.ActiveCfg = Debug|Any CPU
		{36DFAF5A-DCC0-406D-963A-21163DA40626}.Debug|Any CPU.Build.0 = Debug|Any CPU
		{36DFAF5A-DCC0-406D-963A-21163DA40626}.Release|Any CPU.ActiveCfg = Release|Any CPU
		{36DFAF5A-DCC0-406D-963A-21163DA40626}.Release|Any CPU.Build.0 = Release|Any CPU
	EndGlobalSection
	GlobalSection(SolutionProperties) = preSolution
		HideSolutionNode = FALSE
	EndGlobalSection
	GlobalSection(NestedProjects) = preSolution
		{9EAD19F6-7AA0-4C59-9392-A9F25F9604CD} = {83325734-A198-43B0-A423-73E46250EF47}
	EndGlobalSection
	GlobalSection(ExtensibilityGlobals) = postSolution
		SolutionGuid = {3C754E18-DDC4-4B52-9CD6-9ADB7EDF5F08}
	EndGlobalSection
EndGlobal
